
Microsoft Visual Studio Solution File, Format Version 12.00
Project("{2150E333-8FDC-42A3-9474-1A3956D46DE8}") = "src", "src", "{E1C381DD-F386-41B1-A412-0D69A3AB43E4}"
EndProject
Project("{FAE04EC0-301F-11D3-BF4B-00C04F79EFBC}") = "Domain", "Domain\Domain.csproj", "{083393B2-FAD0-47DD-B105-51EA68EEB6C3}"
EndProject
Project("{FAE04EC0-301F-11D3-BF4B-00C04F79EFBC}") = "Infrastructure", "Infrastructure\Infrastructure.csproj", "{020635A7-140A-4A17-9D64-F258C178A053}"
EndProject
Project("{FAE04EC0-301F-11D3-BF4B-00C04F79EFBC}") = "Application", "Application\Application.csproj", "{A9A67F12-DAF0-4342-A131-9183978C0A1E}"
EndProject
Project("{FAE04EC0-301F-11D3-BF4B-00C04F79EFBC}") = "Api", "Api\Api.csproj", "{697FB5CB-D885-47F2-8377-0B3D7EA59CC8}"
EndProject
Global
	GlobalSection(SolutionConfigurationPlatforms) = preSolution
		Debug|Any CPU = Debug|Any CPU
		Release|Any CPU = Release|Any CPU
	EndGlobalSection
	GlobalSection(NestedProjects) = preSolution
		{083393B2-FAD0-47DD-B105-51EA68EEB6C3} = {E1C381DD-F386-41B1-A412-0D69A3AB43E4}
		{020635A7-140A-4A17-9D64-F258C178A053} = {E1C381DD-F386-41B1-A412-0D69A3AB43E4}
		{A9A67F12-DAF0-4342-A131-9183978C0A1E} = {E1C381DD-F386-41B1-A412-0D69A3AB43E4}
		{001C16E3-BFBF-40BB-8966-08EBB05064B7} = {E1C381DD-F386-41B1-A412-0D69A3AB43E4}
		{697FB5CB-D885-47F2-8377-0B3D7EA59CC8} = {E1C381DD-F386-41B1-A412-0D69A3AB43E4}
	EndGlobalSection
	GlobalSection(ProjectConfigurationPlatforms) = postSolution
		{083393B2-FAD0-47DD-B105-51EA68EEB6C3}.Debug|Any CPU.ActiveCfg = Debug|Any CPU
		{083393B2-FAD0-47DD-B105-51EA68EEB6C3}.Debug|Any CPU.Build.0 = Debug|Any CPU
		{083393B2-FAD0-47DD-B105-51EA68EEB6C3}.Release|Any CPU.ActiveCfg = Release|Any CPU
		{083393B2-FAD0-47DD-B105-51EA68EEB6C3}.Release|Any CPU.Build.0 = Release|Any CPU
		{020635A7-140A-4A17-9D64-F258C178A053}.Debug|Any CPU.ActiveCfg = Debug|Any CPU
		{020635A7-140A-4A17-9D64-F258C178A053}.Debug|Any CPU.Build.0 = Debug|Any CPU
		{020635A7-140A-4A17-9D64-F258C178A053}.Release|Any CPU.ActiveCfg = Release|Any CPU
		{020635A7-140A-4A17-9D64-F258C178A053}.Release|Any CPU.Build.0 = Release|Any CPU
		{A9A67F12-DAF0-4342-A131-9183978C0A1E}.Debug|Any CPU.ActiveCfg = Debug|Any CPU
		{A9A67F12-DAF0-4342-A131-9183978C0A1E}.Debug|Any CPU.Build.0 = Debug|Any CPU
		{A9A67F12-DAF0-4342-A131-9183978C0A1E}.Release|Any CPU.ActiveCfg = Release|Any CPU
		{A9A67F12-DAF0-4342-A131-9183978C0A1E}.Release|Any CPU.Build.0 = Release|Any CPU
		{001C16E3-BFBF-40BB-8966-08EBB05064B7}.Debug|Any CPU.ActiveCfg = Debug|Any CPU
		{001C16E3-BFBF-40BB-8966-08EBB05064B7}.Debug|Any CPU.Build.0 = Debug|Any CPU
		{001C16E3-BFBF-40BB-8966-08EBB05064B7}.Release|Any CPU.ActiveCfg = Release|Any CPU
		{001C16E3-BFBF-40BB-8966-08EBB05064B7}.Release|Any CPU.Build.0 = Release|Any CPU
		{697FB5CB-D885-47F2-8377-0B3D7EA59CC8}.Debug|Any CPU.ActiveCfg = Debug|Any CPU
		{697FB5CB-D885-47F2-8377-0B3D7EA59CC8}.Debug|Any CPU.Build.0 = Debug|Any CPU
		{697FB5CB-D885-47F2-8377-0B3D7EA59CC8}.Release|Any CPU.ActiveCfg = Release|Any CPU
		{697FB5CB-D885-47F2-8377-0B3D7EA59CC8}.Release|Any CPU.Build.0 = Release|Any CPU
	EndGlobalSection
EndGlobal
